
Microsoft Visual Studio Solution File, Format Version 12.00
# Visual Studio 15
VisualStudioVersion = 15.0.28307.1927
MinimumVisualStudioVersion = 10.0.40219.1
Project("{FAE04EC0-301F-11D3-BF4B-00C04F79EFBC}") = "easyweb3libs", "easyweb3libs\easyweb3libs.csproj", "{AA16C7D8-DDB7-45EB-9C1A-C6DAEB848899}"
EndProject
Global
	GlobalSection(SolutionConfigurationPlatforms) = preSolution
		Debug|Any CPU = Debug|Any CPU
		Release|Any CPU = Release|Any CPU
	EndGlobalSection
	GlobalSection(ProjectConfigurationPlatforms) = postSolution
		{AA16C7D8-DDB7-45EB-9C1A-C6DAEB848899}.Debug|Any CPU.ActiveCfg = Debug|Any CPU
		{AA16C7D8-DDB7-45EB-9C1A-C6DAEB848899}.Debug|Any CPU.Build.0 = Debug|Any CPU
		{AA16C7D8-DDB7-45EB-9C1A-C6DAEB848899}.Release|Any CPU.ActiveCfg = Release|Any CPU
		{AA16C7D8-DDB7-45EB-9C1A-C6DAEB848899}.Release|Any CPU.Build.0 = Release|Any CPU
	EndGlobalSection
	GlobalSection(SolutionProperties) = preSolution
		HideSolutionNode = FALSE
	EndGlobalSection
	GlobalSection(ExtensibilityGlobals) = postSolution
		SolutionGuid = {DB9AFC82-9C68-4F3F-843F-ED582B1917A9}
	EndGlobalSection
EndGlobal
